// !$*UTF8*$!
{
	archiveVersion = 1;
	classes = {
	};
	objectVersion = 46;
	objects = {

/* Begin PBXBuildFile section */
		FCB31F3517BA692E006F51C0 /* Foundation.framework in Frameworks */ = {isa = PBXBuildFile; fileRef = FCB31F3417BA692E006F51C0 /* Foundation.framework */; };
		FCB31F4717BA69B8006F51C0 /* extension.cpp in Sources */ = {isa = PBXBuildFile; fileRef = FCB31F4317BA69B8006F51C0 /* extension.cpp */; };
		FCB31F4817BA69B8006F51C0 /* terrain.cpp in Sources */ = {isa = PBXBuildFile; fileRef = FCB31F4517BA69B8006F51C0 /* terrain.cpp */; };
/* End PBXBuildFile section */

/* Begin PBXCopyFilesBuildPhase section */
		FCB31F2F17BA692E006F51C0 /* CopyFiles */ = {
			isa = PBXCopyFilesBuildPhase;
			buildActionMask = 2147483647;
			dstPath = "include/${PRODUCT_NAME}";
			dstSubfolderSpec = 16;
			files = (
			);
			runOnlyForDeploymentPostprocessing = 0;
		};
/* End PBXCopyFilesBuildPhase section */

/* Begin PBXFileReference section */
		FCB31F3117BA692E006F51C0 /* libExtensionTerrain.a */ = {isa = PBXFileReference; explicitFileType = archive.ar; includeInIndex = 0; path = libExtensionTerrain.a; sourceTree = BUILT_PRODUCTS_DIR; };
		FCB31F3417BA692E006F51C0 /* Foundation.framework */ = {isa = PBXFileReference; lastKnownFileType = wrapper.framework; name = Foundation.framework; path = System/Library/Frameworks/Foundation.framework; sourceTree = SDKROOT; };
		FCB31F4317BA69B8006F51C0 /* extension.cpp */ = {isa = PBXFileReference; fileEncoding = 4; lastKnownFileType = sourcecode.cpp.cpp; name = extension.cpp; path = ../extension.cpp; sourceTree = "<group>"; };
		FCB31F4417BA69B8006F51C0 /* extension.h */ = {isa = PBXFileReference; fileEncoding = 4; lastKnownFileType = sourcecode.c.h; name = extension.h; path = ../extension.h; sourceTree = "<group>"; };
		FCB31F4517BA69B8006F51C0 /* terrain.cpp */ = {isa = PBXFileReference; fileEncoding = 4; lastKnownFileType = sourcecode.cpp.cpp; name = terrain.cpp; path = ../terrain.cpp; sourceTree = "<group>"; };
		FCB31F4617BA69B8006F51C0 /* terrain.h */ = {isa = PBXFileReference; fileEncoding = 4; lastKnownFileType = sourcecode.c.h; name = terrain.h; path = ../terrain.h; sourceTree = "<group>"; };
/* End PBXFileReference section */

/* Begin PBXFrameworksBuildPhase section */
		FCB31F2E17BA692E006F51C0 /* Frameworks */ = {
			isa = PBXFrameworksBuildPhase;
			buildActionMask = 2147483647;
			files = (
				FCB31F3517BA692E006F51C0 /* Foundation.framework in Frameworks */,
			);
			runOnlyForDeploymentPostprocessing = 0;
		};
/* End PBXFrameworksBuildPhase section */

/* Begin PBXGroup section */
		FCB31F2817BA692E006F51C0 = {
			isa = PBXGroup;
			children = (
				FCB31F4217BA69AA006F51C0 /* Sources */,
				FCB31F3317BA692E006F51C0 /* Frameworks */,
				FCB31F3217BA692E006F51C0 /* Products */,
			);
			sourceTree = "<group>";
		};
		FCB31F3217BA692E006F51C0 /* Products */ = {
			isa = PBXGroup;
			children = (
				FCB31F3117BA692E006F51C0 /* libExtensionTerrain.a */,
			);
			name = Products;
			sourceTree = "<group>";
		};
		FCB31F3317BA692E006F51C0 /* Frameworks */ = {
			isa = PBXGroup;
			children = (
				FCB31F3417BA692E006F51C0 /* Foundation.framework */,
			);
			name = Frameworks;
			sourceTree = "<group>";
		};
		FCB31F4217BA69AA006F51C0 /* Sources */ = {
			isa = PBXGroup;
			children = (
				FCB31F4317BA69B8006F51C0 /* extension.cpp */,
				FCB31F4417BA69B8006F51C0 /* extension.h */,
				FCB31F4517BA69B8006F51C0 /* terrain.cpp */,
				FCB31F4617BA69B8006F51C0 /* terrain.h */,
			);
			name = Sources;
			sourceTree = "<group>";
		};
/* End PBXGroup section */

/* Begin PBXNativeTarget section */
		FCB31F3017BA692E006F51C0 /* ExtensionTerrain */ = {
			isa = PBXNativeTarget;
			buildConfigurationList = FCB31F3F17BA692E006F51C0 /* Build configuration list for PBXNativeTarget "ExtensionTerrain" */;
			buildPhases = (
				FCB31F2D17BA692E006F51C0 /* Sources */,
				FCB31F2E17BA692E006F51C0 /* Frameworks */,
				FCB31F2F17BA692E006F51C0 /* CopyFiles */,
			);
			buildRules = (
			);
			dependencies = (
			);
			name = ExtensionTerrain;
			productName = ExtensionTerrain;
			productReference = FCB31F3117BA692E006F51C0 /* libExtensionTerrain.a */;
			productType = "com.apple.product-type.library.static";
		};
/* End PBXNativeTarget section */

/* Begin PBXProject section */
		FCB31F2917BA692E006F51C0 /* Project object */ = {
			isa = PBXProject;
			attributes = {
				LastUpgradeCheck = 0460;
				ORGANIZATIONNAME = "Horde3D Community";
			};
			buildConfigurationList = FCB31F2C17BA692E006F51C0 /* Build configuration list for PBXProject "ExtensionTerrain" */;
			compatibilityVersion = "Xcode 3.2";
			developmentRegion = English;
			hasScannedForEncodings = 0;
			knownRegions = (
				en,
			);
			mainGroup = FCB31F2817BA692E006F51C0;
			productRefGroup = FCB31F3217BA692E006F51C0 /* Products */;
			projectDirPath = "";
			projectRoot = "";
			targets = (
				FCB31F3017BA692E006F51C0 /* ExtensionTerrain */,
			);
		};
/* End PBXProject section */

/* Begin PBXSourcesBuildPhase section */
		FCB31F2D17BA692E006F51C0 /* Sources */ = {
			isa = PBXSourcesBuildPhase;
			buildActionMask = 2147483647;
			files = (
				FCB31F4717BA69B8006F51C0 /* extension.cpp in Sources */,
				FCB31F4817BA69B8006F51C0 /* terrain.cpp in Sources */,
			);
			runOnlyForDeploymentPostprocessing = 0;
		};
/* End PBXSourcesBuildPhase section */

/* Begin XCBuildConfiguration section */
		FCB31F3D17BA692E006F51C0 /* Debug */ = {
			isa = XCBuildConfiguration;
			buildSettings = {
				ALWAYS_SEARCH_USER_PATHS = NO;
				CLANG_CXX_LANGUAGE_STANDARD = "gnu++0x";
				CLANG_CXX_LIBRARY = "libc++";
				CLANG_WARN_CONSTANT_CONVERSION = YES;
				CLANG_WARN_EMPTY_BODY = YES;
				CLANG_WARN_ENUM_CONVERSION = YES;
				CLANG_WARN_INT_CONVERSION = YES;
				CLANG_WARN__DUPLICATE_METHOD_MATCH = YES;
				COPY_PHASE_STRIP = NO;
				GCC_C_LANGUAGE_STANDARD = gnu99;
				GCC_DYNAMIC_NO_PIC = NO;
				GCC_OPTIMIZATION_LEVEL = 0;
				GCC_PREPROCESSOR_DEFINITIONS = (
					"DEBUG=1",
					"$(inherited)",
				);
				GCC_SYMBOLS_PRIVATE_EXTERN = NO;
				GCC_WARN_ABOUT_RETURN_TYPE = YES;
				GCC_WARN_UNINITIALIZED_AUTOS = YES;
				GCC_WARN_UNUSED_VARIABLE = YES;
				IPHONEOS_DEPLOYMENT_TARGET = 6.1;
				ONLY_ACTIVE_ARCH = YES;
				SDKROOT = iphoneos;
			};
			name = Debug;
		};
		FCB31F3E17BA692E006F51C0 /* Release */ = {
			isa = XCBuildConfiguration;
			buildSettings = {
				ALWAYS_SEARCH_USER_PATHS = NO;
				CLANG_CXX_LANGUAGE_STANDARD = "gnu++0x";
				CLANG_CXX_LIBRARY = "libc++";
				CLANG_WARN_CONSTANT_CONVERSION = YES;
				CLANG_WARN_EMPTY_BODY = YES;
				CLANG_WARN_ENUM_CONVERSION = YES;
				CLANG_WARN_INT_CONVERSION = YES;
				CLANG_WARN__DUPLICATE_METHOD_MATCH = YES;
				COPY_PHASE_STRIP = YES;
				GCC_C_LANGUAGE_STANDARD = gnu99;
				GCC_WARN_ABOUT_RETURN_TYPE = YES;
				GCC_WARN_UNINITIALIZED_AUTOS = YES;
				GCC_WARN_UNUSED_VARIABLE = YES;
				IPHONEOS_DEPLOYMENT_TARGET = 6.1;
				SDKROOT = iphoneos;
				VALIDATE_PRODUCT = YES;
			};
			name = Release;
		};
		FCB31F4017BA692E006F51C0 /* Debug */ = {
			isa = XCBuildConfiguration;
			buildSettings = {
				DSTROOT = /tmp/ExtensionTerrain.dst;
				GCC_PRECOMPILE_PREFIX_HEADER = YES;
				HEADER_SEARCH_PATHS = (
					../../../../Horde3D/Source/Shared,
					../../../../Horde3D/Source/Horde3DEngine,
				);
				OTHER_LDFLAGS = "-ObjC";
				PRODUCT_NAME = "$(TARGET_NAME)";
				SKIP_INSTALL = YES;
			};
			name = Debug;
		};
		FCB31F4117BA692E006F51C0 /* Release */ = {
			isa = XCBuildConfiguration;
			buildSettings = {
				DSTROOT = /tmp/ExtensionTerrain.dst;
				GCC_PRECOMPILE_PREFIX_HEADER = YES;
				HEADER_SEARCH_PATHS = (
					../../../../Horde3D/Source/Shared,
					../../../../Horde3D/Source/Horde3DEngine,
				);
				OTHER_LDFLAGS = "-ObjC";
				PRODUCT_NAME = "$(TARGET_NAME)";
				SKIP_INSTALL = YES;
			};
			name = Release;
		};
/* End XCBuildConfiguration section */

/* Begin XCConfigurationList section */
		FCB31F2C17BA692E006F51C0 /* Build configuration list for PBXProject "ExtensionTerrain" */ = {
			isa = XCConfigurationList;
			buildConfigurations = (
				FCB31F3D17BA692E006F51C0 /* Debug */,
				FCB31F3E17BA692E006F51C0 /* Release */,
			);
			defaultConfigurationIsVisible = 0;
			defaultConfigurationName = Release;
		};
		FCB31F3F17BA692E006F51C0 /* Build configuration list for PBXNativeTarget "ExtensionTerrain" */ = {
			isa = XCConfigurationList;
			buildConfigurations = (
				FCB31F4017BA692E006F51C0 /* Debug */,
				FCB31F4117BA692E006F51C0 /* Release */,
			);
			defaultConfigurationIsVisible = 0;
			defaultConfigurationName = Release;
		};
/* End XCConfigurationList section */
	};
	rootObject = FCB31F2917BA692E006F51C0 /* Project object */;
}
