<?xml version="1.0" encoding="utf-8"?>
<Project ToolsVersion="4.0" xmlns="http://schemas.microsoft.com/developer/msbuild/2003">
  <ItemGroup>
    <Filter Include="nodes">
      <UniqueIdentifier>{3e5550c2-95d3-4eac-a145-b8b2b11ded47}</UniqueIdentifier>
    </Filter>
    <Filter Include="platform">
      <UniqueIdentifier>{52b96142-c08b-4d06-8f8c-8f813413aa1a}</UniqueIdentifier>
    </Filter>
    <Filter Include="platform\win32">
      <UniqueIdentifier>{a70cf469-ce32-4ab7-959c-bc2e0407d5b2}</UniqueIdentifier>
    </Filter>
    <Filter Include="platform\win32\compat">
      <UniqueIdentifier>{bb8c8a25-afa4-4803-a309-0f028b8c5e29}</UniqueIdentifier>
    </Filter>
    <Filter Include="support">
      <UniqueIdentifier>{74b6da9c-8194-4a76-a5bb-a2343e1aa1f0}</UniqueIdentifier>
    </Filter>
    <Filter Include="support\user_default">
      <UniqueIdentifier>{ff075a32-2b26-437d-8c45-c615da175d91}</UniqueIdentifier>
    </Filter>
    <Filter Include="support\tinyxml2">
      <UniqueIdentifier>{5a84d562-1958-4058-8a39-a6f9d0feb864}</UniqueIdentifier>
    </Filter>
    <Filter Include="cocoa">
      <UniqueIdentifier>{f623a817-8e97-4ef0-80b5-5b5cb3e3ec66}</UniqueIdentifier>
    </Filter>
  </ItemGroup>
  <ItemGroup>
    <ClCompile Include="..\nodes\CCNode.cpp">
      <Filter>nodes</Filter>
    </ClCompile>
    <ClCompile Include="..\platform\CCEGLViewProtocol.cpp">
      <Filter>platform</Filter>
    </ClCompile>
    <ClCompile Include="..\platform\CCFileUtils.cpp">
      <Filter>platform</Filter>
    </ClCompile>
    <ClCompile Include="..\platform\platform.cpp">
      <Filter>platform</Filter>
    </ClCompile>
    <ClCompile Include="..\platform\win32\CCAccelerometer.cpp">
      <Filter>platform\win32</Filter>
    </ClCompile>
    <ClCompile Include="..\platform\win32\CCApplication.cpp">
      <Filter>platform\win32</Filter>
    </ClCompile>
    <ClCompile Include="..\platform\win32\CCCommon.cpp">
      <Filter>platform\win32</Filter>
    </ClCompile>
    <ClCompile Include="..\platform\win32\CCDevice.cpp">
      <Filter>platform\win32</Filter>
    </ClCompile>
    <ClCompile Include="..\platform\win32\CCEGLView.cpp">
      <Filter>platform\win32</Filter>
    </ClCompile>
    <ClCompile Include="..\platform\win32\CCFileUtilsWin32.cpp">
      <Filter>platform\win32</Filter>
    </ClCompile>
    <ClCompile Include="..\platform\win32\CCStdC.cpp">
      <Filter>platform\win32</Filter>
    </ClCompile>
    <ClCompile Include="..\support\user_default\CCUserDefault.cpp">
      <Filter>support\user_default</Filter>
    </ClCompile>
    <ClCompile Include="..\support\tinyxml2\tinyxml2.cpp">
      <Filter>support\tinyxml2</Filter>
    </ClCompile>
    <ClCompile Include="..\cocoa\CCGeometry.cpp">
      <Filter>cocoa</Filter>
    </ClCompile>
    <ClCompile Include="..\CCDirector.cpp" />
  </ItemGroup>
  <ItemGroup>
    <ClInclude Include="..\nodes\CCNode.h">
      <Filter>nodes</Filter>
    </ClInclude>
    <ClInclude Include="..\platform\CCAccelerometerDelegate.h">
      <Filter>platform</Filter>
    </ClInclude>
    <ClInclude Include="..\platform\CCApplicationProtocol.h">
      <Filter>platform</Filter>
    </ClInclude>
    <ClInclude Include="..\platform\CCCommon.h">
      <Filter>platform</Filter>
    </ClInclude>
    <ClInclude Include="..\platform\CCDevice.h">
      <Filter>platform</Filter>
    </ClInclude>
    <ClInclude Include="..\platform\CCEGLViewProtocol.h">
      <Filter>platform</Filter>
    </ClInclude>
    <ClInclude Include="..\platform\CCFileUtils.h">
      <Filter>platform</Filter>
    </ClInclude>
    <ClInclude Include="..\platform\CCPlatformConfig.h">
      <Filter>platform</Filter>
    </ClInclude>
    <ClInclude Include="..\platform\CCPlatformMacros.h">
      <Filter>platform</Filter>
    </ClInclude>
    <ClInclude Include="..\platform\platform.h">
      <Filter>platform</Filter>
    </ClInclude>
    <ClInclude Include="..\platform\win32\CCAccelerometer.h">
      <Filter>platform\win32</Filter>
    </ClInclude>
    <ClInclude Include="..\platform\win32\CCApplication.h">
      <Filter>platform\win32</Filter>
    </ClInclude>
    <ClInclude Include="..\platform\win32\CCEGLView.h">
      <Filter>platform\win32</Filter>
    </ClInclude>
    <ClInclude Include="..\platform\win32\CCFileUtilsWin32.h">
      <Filter>platform\win32</Filter>
    </ClInclude>
    <ClInclude Include="..\platform\win32\CCGL.h">
      <Filter>platform\win32</Filter>
    </ClInclude>
    <ClInclude Include="..\platform\win32\CCPlatformDefine.h">
      <Filter>platform\win32</Filter>
    </ClInclude>
    <ClInclude Include="..\platform\win32\CCStdC.h">
      <Filter>platform\win32</Filter>
    </ClInclude>
    <ClInclude Include="..\platform\win32\compat\stdint.h">
      <Filter>platform\win32\compat</Filter>
    </ClInclude>
    <ClInclude Include="..\support\user_default\CCUserDefault.h">
      <Filter>support\user_default</Filter>
    </ClInclude>
    <ClInclude Include="..\support\tinyxml2\tinyxml2.h">
      <Filter>support\tinyxml2</Filter>
    </ClInclude>
    <ClInclude Include="..\cocoa\CCGeometry.h">
      <Filter>cocoa</Filter>
    </ClInclude>
    <ClInclude Include="..\CCDirector.h" />
    <ClInclude Include="..\CCEvent.h" />
    <ClInclude Include="..\cocos2d.h" />
  </ItemGroup>
</Project>